// !$*UTF8*$!
{
	archiveVersion = 1;
	classes = {
	};
	objectVersion = 51;
	objects = {

/* Begin PBXBuildFile section */
		38468AF5257F7B9B00963437 /* KKMainController.m in Sources */ = {isa = PBXBuildFile; fileRef = 38468AF4257F7B9B00963437 /* KKMainController.m */; };
		38468AFA257F82D400963437 /* KKMainWindowController.m in Sources */ = {isa = PBXBuildFile; fileRef = 38468AF9257F82D400963437 /* KKMainWindowController.m */; };
		38468B05258076E300963437 /* KKHUDViewController.m in Sources */ = {isa = PBXBuildFile; fileRef = 38468B03258076E300963437 /* KKHUDViewController.m */; };
		38468B06258076E300963437 /* KKHUDViewController.xib in Resources */ = {isa = PBXBuildFile; fileRef = 38468B04258076E300963437 /* KKHUDViewController.xib */; };
		38468B0B2580B29600963437 /* KKTableViewController.m in Sources */ = {isa = PBXBuildFile; fileRef = 38468B092580B29600963437 /* KKTableViewController.m */; };
		38468B0C2580B29600963437 /* KKTableViewController.xib in Resources */ = {isa = PBXBuildFile; fileRef = 38468B0A2580B29600963437 /* KKTableViewController.xib */; };
		3876A39C254AA4AC00FEDD5B /* AppDelegate.m in Sources */ = {isa = PBXBuildFile; fileRef = 3876A39B254AA4AC00FEDD5B /* AppDelegate.m */; };
		3876A39F254AA4AC00FEDD5B /* ViewController.m in Sources */ = {isa = PBXBuildFile; fileRef = 3876A39E254AA4AC00FEDD5B /* ViewController.m */; };
		3876A3A1254AA4AD00FEDD5B /* Assets.xcassets in Resources */ = {isa = PBXBuildFile; fileRef = 3876A3A0254AA4AD00FEDD5B /* Assets.xcassets */; };
		3876A3A4254AA4AD00FEDD5B /* Main.storyboard in Resources */ = {isa = PBXBuildFile; fileRef = 3876A3A2254AA4AD00FEDD5B /* Main.storyboard */; };
		3876A3A7254AA4AD00FEDD5B /* main.m in Sources */ = {isa = PBXBuildFile; fileRef = 3876A3A6254AA4AD00FEDD5B /* main.m */; };
		3876A581254C0C3000FEDD5B /* KKWindow.m in Sources */ = {isa = PBXBuildFile; fileRef = 3876A580254C0C3000FEDD5B /* KKWindow.m */; };
		8B76D35EC6B1DF7658DFD3B8 /* Pods_KKCocoaCommon_Example.framework in Frameworks */ = {isa = PBXBuildFile; fileRef = FFDBDFC2FA5CE7404EB37BDC /* Pods_KKCocoaCommon_Example.framework */; };
/* End PBXBuildFile section */

/* Begin PBXFileReference section */
		105DBE7C9EE867033B4E26B7 /* Pods-KKCocoaCommon_Example.debug.xcconfig */ = {isa = PBXFileReference; includeInIndex = 1; lastKnownFileType = text.xcconfig; name = "Pods-KKCocoaCommon_Example.debug.xcconfig"; path = "Target Support Files/Pods-KKCocoaCommon_Example/Pods-KKCocoaCommon_Example.debug.xcconfig"; sourceTree = "<group>"; };
		38468AF3257F7B9B00963437 /* KKMainController.h */ = {isa = PBXFileReference; lastKnownFileType = sourcecode.c.h; path = KKMainController.h; sourceTree = "<group>"; };
		38468AF4257F7B9B00963437 /* KKMainController.m */ = {isa = PBXFileReference; lastKnownFileType = sourcecode.c.objc; path = KKMainController.m; sourceTree = "<group>"; };
		38468AF8257F82D400963437 /* KKMainWindowController.h */ = {isa = PBXFileReference; lastKnownFileType = sourcecode.c.h; path = KKMainWindowController.h; sourceTree = "<group>"; };
		38468AF9257F82D400963437 /* KKMainWindowController.m */ = {isa = PBXFileReference; lastKnownFileType = sourcecode.c.objc; path = KKMainWindowController.m; sourceTree = "<group>"; };
		38468B02258076E300963437 /* KKHUDViewController.h */ = {isa = PBXFileReference; lastKnownFileType = sourcecode.c.h; path = KKHUDViewController.h; sourceTree = "<group>"; };
		38468B03258076E300963437 /* KKHUDViewController.m */ = {isa = PBXFileReference; lastKnownFileType = sourcecode.c.objc; path = KKHUDViewController.m; sourceTree = "<group>"; };
		38468B04258076E300963437 /* KKHUDViewController.xib */ = {isa = PBXFileReference; lastKnownFileType = file.xib; path = KKHUDViewController.xib; sourceTree = "<group>"; };
		38468B082580B29600963437 /* KKTableViewController.h */ = {isa = PBXFileReference; lastKnownFileType = sourcecode.c.h; path = KKTableViewController.h; sourceTree = "<group>"; };
		38468B092580B29600963437 /* KKTableViewController.m */ = {isa = PBXFileReference; lastKnownFileType = sourcecode.c.objc; path = KKTableViewController.m; sourceTree = "<group>"; };
		38468B0A2580B29600963437 /* KKTableViewController.xib */ = {isa = PBXFileReference; lastKnownFileType = file.xib; path = KKTableViewController.xib; sourceTree = "<group>"; };
		3876A397254AA4AC00FEDD5B /* KKCocoaCommon_Example.app */ = {isa = PBXFileReference; explicitFileType = wrapper.application; includeInIndex = 0; path = KKCocoaCommon_Example.app; sourceTree = BUILT_PRODUCTS_DIR; };
		3876A39A254AA4AC00FEDD5B /* AppDelegate.h */ = {isa = PBXFileReference; lastKnownFileType = sourcecode.c.h; path = AppDelegate.h; sourceTree = "<group>"; };
		3876A39B254AA4AC00FEDD5B /* AppDelegate.m */ = {isa = PBXFileReference; lastKnownFileType = sourcecode.c.objc; path = AppDelegate.m; sourceTree = "<group>"; };
		3876A39D254AA4AC00FEDD5B /* ViewController.h */ = {isa = PBXFileReference; lastKnownFileType = sourcecode.c.h; path = ViewController.h; sourceTree = "<group>"; };
		3876A39E254AA4AC00FEDD5B /* ViewController.m */ = {isa = PBXFileReference; lastKnownFileType = sourcecode.c.objc; path = ViewController.m; sourceTree = "<group>"; };
		3876A3A0254AA4AD00FEDD5B /* Assets.xcassets */ = {isa = PBXFileReference; lastKnownFileType = folder.assetcatalog; path = Assets.xcassets; sourceTree = "<group>"; };
		3876A3A3254AA4AD00FEDD5B /* Base */ = {isa = PBXFileReference; lastKnownFileType = file.storyboard; name = Base; path = Base.lproj/Main.storyboard; sourceTree = "<group>"; };
		3876A3A5254AA4AD00FEDD5B /* Info.plist */ = {isa = PBXFileReference; lastKnownFileType = text.plist.xml; path = Info.plist; sourceTree = "<group>"; };
		3876A3A6254AA4AD00FEDD5B /* main.m */ = {isa = PBXFileReference; lastKnownFileType = sourcecode.c.objc; path = main.m; sourceTree = "<group>"; };
		3876A3A8254AA4AD00FEDD5B /* KKCocoaCommon_Example.entitlements */ = {isa = PBXFileReference; lastKnownFileType = text.plist.entitlements; path = KKCocoaCommon_Example.entitlements; sourceTree = "<group>"; };
		3876A57F254C0C3000FEDD5B /* KKWindow.h */ = {isa = PBXFileReference; lastKnownFileType = sourcecode.c.h; path = KKWindow.h; sourceTree = "<group>"; };
		3876A580254C0C3000FEDD5B /* KKWindow.m */ = {isa = PBXFileReference; lastKnownFileType = sourcecode.c.objc; path = KKWindow.m; sourceTree = "<group>"; };
		A480C47D9AD098389D86E2B6 /* Pods-KKCocoaCommon_Example.release.xcconfig */ = {isa = PBXFileReference; includeInIndex = 1; lastKnownFileType = text.xcconfig; name = "Pods-KKCocoaCommon_Example.release.xcconfig"; path = "Target Support Files/Pods-KKCocoaCommon_Example/Pods-KKCocoaCommon_Example.release.xcconfig"; sourceTree = "<group>"; };
		FFDBDFC2FA5CE7404EB37BDC /* Pods_KKCocoaCommon_Example.framework */ = {isa = PBXFileReference; explicitFileType = wrapper.framework; includeInIndex = 0; path = Pods_KKCocoaCommon_Example.framework; sourceTree = BUILT_PRODUCTS_DIR; };
/* End PBXFileReference section */

/* Begin PBXFrameworksBuildPhase section */
		3876A394254AA4AC00FEDD5B /* Frameworks */ = {
			isa = PBXFrameworksBuildPhase;
			buildActionMask = 2147483647;
			files = (
				8B76D35EC6B1DF7658DFD3B8 /* Pods_KKCocoaCommon_Example.framework in Frameworks */,
			);
			runOnlyForDeploymentPostprocessing = 0;
		};
/* End PBXFrameworksBuildPhase section */

/* Begin PBXGroup section */
		3876A38E254AA4AC00FEDD5B = {
			isa = PBXGroup;
			children = (
				3876A399254AA4AC00FEDD5B /* KKCocoaCommon_Example */,
				3876A398254AA4AC00FEDD5B /* Products */,
				397B033968FC68434DB57033 /* Pods */,
				E2359E00CA6ACBB070D48820 /* Frameworks */,
			);
			sourceTree = "<group>";
		};
		3876A398254AA4AC00FEDD5B /* Products */ = {
			isa = PBXGroup;
			children = (
				3876A397254AA4AC00FEDD5B /* KKCocoaCommon_Example.app */,
			);
			name = Products;
			sourceTree = "<group>";
		};
		3876A399254AA4AC00FEDD5B /* KKCocoaCommon_Example */ = {
			isa = PBXGroup;
			children = (
				3876A39A254AA4AC00FEDD5B /* AppDelegate.h */,
				3876A39B254AA4AC00FEDD5B /* AppDelegate.m */,
				3876A39D254AA4AC00FEDD5B /* ViewController.h */,
				3876A39E254AA4AC00FEDD5B /* ViewController.m */,
				38468AF3257F7B9B00963437 /* KKMainController.h */,
				38468AF4257F7B9B00963437 /* KKMainController.m */,
				38468B02258076E300963437 /* KKHUDViewController.h */,
				38468B03258076E300963437 /* KKHUDViewController.m */,
				38468B04258076E300963437 /* KKHUDViewController.xib */,
				38468B082580B29600963437 /* KKTableViewController.h */,
				38468B092580B29600963437 /* KKTableViewController.m */,
				38468B0A2580B29600963437 /* KKTableViewController.xib */,
				3876A57F254C0C3000FEDD5B /* KKWindow.h */,
				3876A580254C0C3000FEDD5B /* KKWindow.m */,
				38468AF8257F82D400963437 /* KKMainWindowController.h */,
				38468AF9257F82D400963437 /* KKMainWindowController.m */,
				3876A3A0254AA4AD00FEDD5B /* Assets.xcassets */,
				3876A3A2254AA4AD00FEDD5B /* Main.storyboard */,
				3876A3A5254AA4AD00FEDD5B /* Info.plist */,
				3876A3A6254AA4AD00FEDD5B /* main.m */,
				3876A3A8254AA4AD00FEDD5B /* KKCocoaCommon_Example.entitlements */,
			);
			path = KKCocoaCommon_Example;
			sourceTree = "<group>";
		};
		397B033968FC68434DB57033 /* Pods */ = {
			isa = PBXGroup;
			children = (
				105DBE7C9EE867033B4E26B7 /* Pods-KKCocoaCommon_Example.debug.xcconfig */,
				A480C47D9AD098389D86E2B6 /* Pods-KKCocoaCommon_Example.release.xcconfig */,
			);
			path = Pods;
			sourceTree = "<group>";
		};
		E2359E00CA6ACBB070D48820 /* Frameworks */ = {
			isa = PBXGroup;
			children = (
				FFDBDFC2FA5CE7404EB37BDC /* Pods_KKCocoaCommon_Example.framework */,
			);
			name = Frameworks;
			sourceTree = "<group>";
		};
/* End PBXGroup section */

/* Begin PBXNativeTarget section */
		3876A396254AA4AC00FEDD5B /* KKCocoaCommon_Example */ = {
			isa = PBXNativeTarget;
			buildConfigurationList = 3876A3AB254AA4AD00FEDD5B /* Build configuration list for PBXNativeTarget "KKCocoaCommon_Example" */;
			buildPhases = (
				4D8D572B1232D258D1A1F3AE /* [CP] Check Pods Manifest.lock */,
				3876A393254AA4AC00FEDD5B /* Sources */,
				3876A394254AA4AC00FEDD5B /* Frameworks */,
				3876A395254AA4AC00FEDD5B /* Resources */,
				CBFD1881543C9832DC59D0B4 /* [CP] Embed Pods Frameworks */,
			);
			buildRules = (
			);
			dependencies = (
			);
			name = KKCocoaCommon_Example;
			productName = KKCocoaCommon_Example;
			productReference = 3876A397254AA4AC00FEDD5B /* KKCocoaCommon_Example.app */;
			productType = "com.apple.product-type.application";
		};
/* End PBXNativeTarget section */

/* Begin PBXProject section */
		3876A38F254AA4AC00FEDD5B /* Project object */ = {
			isa = PBXProject;
			attributes = {
				CLASSPREFIX = KK;
				LastUpgradeCheck = 1200;
				ORGANIZATIONNAME = LeungKinKeung;
				TargetAttributes = {
					3876A396254AA4AC00FEDD5B = {
						CreatedOnToolsVersion = 12.0.1;
					};
				};
			};
			buildConfigurationList = 3876A392254AA4AC00FEDD5B /* Build configuration list for PBXProject "KKCocoaCommon_Example" */;
			compatibilityVersion = "Xcode 9.3";
			developmentRegion = en;
			hasScannedForEncodings = 0;
			knownRegions = (
				en,
				Base,
			);
			mainGroup = 3876A38E254AA4AC00FEDD5B;
			productRefGroup = 3876A398254AA4AC00FEDD5B /* Products */;
			projectDirPath = "";
			projectRoot = "";
			targets = (
				3876A396254AA4AC00FEDD5B /* KKCocoaCommon_Example */,
			);
		};
/* End PBXProject section */

/* Begin PBXResourcesBuildPhase section */
		3876A395254AA4AC00FEDD5B /* Resources */ = {
			isa = PBXResourcesBuildPhase;
			buildActionMask = 2147483647;
			files = (
				38468B06258076E300963437 /* KKHUDViewController.xib in Resources */,
				3876A3A1254AA4AD00FEDD5B /* Assets.xcassets in Resources */,
				3876A3A4254AA4AD00FEDD5B /* Main.storyboard in Resources */,
				38468B0C2580B29600963437 /* KKTableViewController.xib in Resources */,
			);
			runOnlyForDeploymentPostprocessing = 0;
		};
/* End PBXResourcesBuildPhase section */

/* Begin PBXShellScriptBuildPhase section */
		4D8D572B1232D258D1A1F3AE /* [CP] Check Pods Manifest.lock */ = {
			isa = PBXShellScriptBuildPhase;
			buildActionMask = 2147483647;
			files = (
			);
			inputFileListPaths = (
			);
			inputPaths = (
				"${PODS_PODFILE_DIR_PATH}/Podfile.lock",
				"${PODS_ROOT}/Manifest.lock",
			);
			name = "[CP] Check Pods Manifest.lock";
			outputFileListPaths = (
			);
			outputPaths = (
				"$(DERIVED_FILE_DIR)/Pods-KKCocoaCommon_Example-checkManifestLockResult.txt",
			);
			runOnlyForDeploymentPostprocessing = 0;
			shellPath = /bin/sh;
			shellScript = "diff \"${PODS_PODFILE_DIR_PATH}/Podfile.lock\" \"${PODS_ROOT}/Manifest.lock\" > /dev/null\nif [ $? != 0 ] ; then\n    # print error to STDERR\n    echo \"error: The sandbox is not in sync with the Podfile.lock. Run 'pod install' or update your CocoaPods installation.\" >&2\n    exit 1\nfi\n# This output is used by Xcode 'outputs' to avoid re-running this script phase.\necho \"SUCCESS\" > \"${SCRIPT_OUTPUT_FILE_0}\"\n";
			showEnvVarsInLog = 0;
		};
		CBFD1881543C9832DC59D0B4 /* [CP] Embed Pods Frameworks */ = {
			isa = PBXShellScriptBuildPhase;
			buildActionMask = 2147483647;
			files = (
			);
			inputFileListPaths = (
				"${PODS_ROOT}/Target Support Files/Pods-KKCocoaCommon_Example/Pods-KKCocoaCommon_Example-frameworks-${CONFIGURATION}-input-files.xcfilelist",
			);
			name = "[CP] Embed Pods Frameworks";
			outputFileListPaths = (
				"${PODS_ROOT}/Target Support Files/Pods-KKCocoaCommon_Example/Pods-KKCocoaCommon_Example-frameworks-${CONFIGURATION}-output-files.xcfilelist",
			);
			runOnlyForDeploymentPostprocessing = 0;
			shellPath = /bin/sh;
			shellScript = "\"${PODS_ROOT}/Target Support Files/Pods-KKCocoaCommon_Example/Pods-KKCocoaCommon_Example-frameworks.sh\"\n";
			showEnvVarsInLog = 0;
		};
/* End PBXShellScriptBuildPhase section */

/* Begin PBXSourcesBuildPhase section */
		3876A393254AA4AC00FEDD5B /* Sources */ = {
			isa = PBXSourcesBuildPhase;
			buildActionMask = 2147483647;
			files = (
				38468AFA257F82D400963437 /* KKMainWindowController.m in Sources */,
				3876A581254C0C3000FEDD5B /* KKWindow.m in Sources */,
				3876A39F254AA4AC00FEDD5B /* ViewController.m in Sources */,
				38468AF5257F7B9B00963437 /* KKMainController.m in Sources */,
				3876A3A7254AA4AD00FEDD5B /* main.m in Sources */,
				38468B05258076E300963437 /* KKHUDViewController.m in Sources */,
				3876A39C254AA4AC00FEDD5B /* AppDelegate.m in Sources */,
				38468B0B2580B29600963437 /* KKTableViewController.m in Sources */,
			);
			runOnlyForDeploymentPostprocessing = 0;
		};
/* End PBXSourcesBuildPhase section */

/* Begin PBXVariantGroup section */
		3876A3A2254AA4AD00FEDD5B /* Main.storyboard */ = {
			isa = PBXVariantGroup;
			children = (
				3876A3A3254AA4AD00FEDD5B /* Base */,
			);
			name = Main.storyboard;
			sourceTree = "<group>";
		};
/* End PBXVariantGroup section */

/* Begin XCBuildConfiguration section */
		3876A3A9254AA4AD00FEDD5B /* Debug */ = {
			isa = XCBuildConfiguration;
			buildSettings = {
				ALWAYS_SEARCH_USER_PATHS = NO;
				CLANG_ANALYZER_NONNULL = YES;
				CLANG_ANALYZER_NUMBER_OBJECT_CONVERSION = YES_AGGRESSIVE;
				CLANG_CXX_LANGUAGE_STANDARD = "gnu++14";
				CLANG_CXX_LIBRARY = "libc++";
				CLANG_ENABLE_MODULES = YES;
				CLANG_ENABLE_OBJC_ARC = YES;
				CLANG_ENABLE_OBJC_WEAK = YES;
				CLANG_WARN_BLOCK_CAPTURE_AUTORELEASING = YES;
				CLANG_WARN_BOOL_CONVERSION = YES;
				CLANG_WARN_COMMA = YES;
				CLANG_WARN_CONSTANT_CONVERSION = YES;
				CLANG_WARN_DEPRECATED_OBJC_IMPLEMENTATIONS = YES;
				CLANG_WARN_DIRECT_OBJC_ISA_USAGE = YES_ERROR;
				CLANG_WARN_DOCUMENTATION_COMMENTS = YES;
				CLANG_WARN_EMPTY_BODY = YES;
				CLANG_WARN_ENUM_CONVERSION = YES;
				CLANG_WARN_INFINITE_RECURSION = YES;
				CLANG_WARN_INT_CONVERSION = YES;
				CLANG_WARN_NON_LITERAL_NULL_CONVERSION = YES;
				CLANG_WARN_OBJC_IMPLICIT_RETAIN_SELF = YES;
				CLANG_WARN_OBJC_LITERAL_CONVERSION = YES;
				CLANG_WARN_OBJC_ROOT_CLASS = YES_ERROR;
				CLANG_WARN_QUOTED_INCLUDE_IN_FRAMEWORK_HEADER = YES;
				CLANG_WARN_RANGE_LOOP_ANALYSIS = YES;
				CLANG_WARN_STRICT_PROTOTYPES = YES;
				CLANG_WARN_SUSPICIOUS_MOVE = YES;
				CLANG_WARN_UNGUARDED_AVAILABILITY = YES_AGGRESSIVE;
				CLANG_WARN_UNREACHABLE_CODE = YES;
				CLANG_WARN__DUPLICATE_METHOD_MATCH = YES;
				COPY_PHASE_STRIP = NO;
				DEBUG_INFORMATION_FORMAT = dwarf;
				ENABLE_STRICT_OBJC_MSGSEND = YES;
				ENABLE_TESTABILITY = YES;
				GCC_C_LANGUAGE_STANDARD = gnu11;
				GCC_DYNAMIC_NO_PIC = NO;
				GCC_NO_COMMON_BLOCKS = YES;
				GCC_OPTIMIZATION_LEVEL = 0;
				GCC_PREPROCESSOR_DEFINITIONS = (
					"DEBUG=1",
					"$(inherited)",
				);
				GCC_WARN_64_TO_32_BIT_CONVERSION = YES;
				GCC_WARN_ABOUT_RETURN_TYPE = YES_ERROR;
				GCC_WARN_UNDECLARED_SELECTOR = YES;
				GCC_WARN_UNINITIALIZED_AUTOS = YES_AGGRESSIVE;
				GCC_WARN_UNUSED_FUNCTION = YES;
				GCC_WARN_UNUSED_VARIABLE = YES;
				MACOSX_DEPLOYMENT_TARGET = 10.15;
				MTL_ENABLE_DEBUG_INFO = INCLUDE_SOURCE;
				MTL_FAST_MATH = YES;
				ONLY_ACTIVE_ARCH = YES;
				SDKROOT = macosx;
			};
			name = Debug;
		};
		3876A3AA254AA4AD00FEDD5B /* Release */ = {
			isa = XCBuildConfiguration;
			buildSettings = {
				ALWAYS_SEARCH_USER_PATHS = NO;
				CLANG_ANALYZER_NONNULL = YES;
				CLANG_ANALYZER_NUMBER_OBJECT_CONVERSION = YES_AGGRESSIVE;
				CLANG_CXX_LANGUAGE_STANDARD = "gnu++14";
				CLANG_CXX_LIBRARY = "libc++";
				CLANG_ENABLE_MODULES = YES;
				CLANG_ENABLE_OBJC_ARC = YES;
				CLANG_ENABLE_OBJC_WEAK = YES;
				CLANG_WARN_BLOCK_CAPTURE_AUTORELEASING = YES;
				CLANG_WARN_BOOL_CONVERSION = YES;
				CLANG_WARN_COMMA = YES;
				CLANG_WARN_CONSTANT_CONVERSION = YES;
				CLANG_WARN_DEPRECATED_OBJC_IMPLEMENTATIONS = YES;
				CLANG_WARN_DIRECT_OBJC_ISA_USAGE = YES_ERROR;
				CLANG_WARN_DOCUMENTATION_COMMENTS = YES;
				CLANG_WARN_EMPTY_BODY = YES;
				CLANG_WARN_ENUM_CONVERSION = YES;
				CLANG_WARN_INFINITE_RECURSION = YES;
				CLANG_WARN_INT_CONVERSION = YES;
				CLANG_WARN_NON_LITERAL_NULL_CONVERSION = YES;
				CLANG_WARN_OBJC_IMPLICIT_RETAIN_SELF = YES;
				CLANG_WARN_OBJC_LITERAL_CONVERSION = YES;
				CLANG_WARN_OBJC_ROOT_CLASS = YES_ERROR;
				CLANG_WARN_QUOTED_INCLUDE_IN_FRAMEWORK_HEADER = YES;
				CLANG_WARN_RANGE_LOOP_ANALYSIS = YES;
				CLANG_WARN_STRICT_PROTOTYPES = YES;
				CLANG_WARN_SUSPICIOUS_MOVE = YES;
				CLANG_WARN_UNGUARDED_AVAILABILITY = YES_AGGRESSIVE;
				CLANG_WARN_UNREACHABLE_CODE = YES;
				CLANG_WARN__DUPLICATE_METHOD_MATCH = YES;
				COPY_PHASE_STRIP = NO;
				DEBUG_INFORMATION_FORMAT = "dwarf-with-dsym";
				ENABLE_NS_ASSERTIONS = NO;
				ENABLE_STRICT_OBJC_MSGSEND = YES;
				GCC_C_LANGUAGE_STANDARD = gnu11;
				GCC_NO_COMMON_BLOCKS = YES;
				GCC_WARN_64_TO_32_BIT_CONVERSION = YES;
				GCC_WARN_ABOUT_RETURN_TYPE = YES_ERROR;
				GCC_WARN_UNDECLARED_SELECTOR = YES;
				GCC_WARN_UNINITIALIZED_AUTOS = YES_AGGRESSIVE;
				GCC_WARN_UNUSED_FUNCTION = YES;
				GCC_WARN_UNUSED_VARIABLE = YES;
				MACOSX_DEPLOYMENT_TARGET = 10.15;
				MTL_ENABLE_DEBUG_INFO = NO;
				MTL_FAST_MATH = YES;
				SDKROOT = macosx;
			};
			name = Release;
		};
		3876A3AC254AA4AD00FEDD5B /* Debug */ = {
			isa = XCBuildConfiguration;
			baseConfigurationReference = 105DBE7C9EE867033B4E26B7 /* Pods-KKCocoaCommon_Example.debug.xcconfig */;
			buildSettings = {
				ASSETCATALOG_COMPILER_APPICON_NAME = AppIcon;
				ASSETCATALOG_COMPILER_GLOBAL_ACCENT_COLOR_NAME = AccentColor;
				CLANG_WARN_QUOTED_INCLUDE_IN_FRAMEWORK_HEADER = NO;
				CODE_SIGN_ENTITLEMENTS = KKCocoaCommon_Example/KKCocoaCommon_Example.entitlements;
				CODE_SIGN_STYLE = Automatic;
				COMBINE_HIDPI_IMAGES = YES;
				INFOPLIST_FILE = KKCocoaCommon_Example/Info.plist;
				LD_RUNPATH_SEARCH_PATHS = (
					"$(inherited)",
					"@executable_path/../Frameworks",
				);
				MACOSX_DEPLOYMENT_TARGET = 10.11;
				PRODUCT_BUNDLE_IDENTIFIER = "com.leungkinkeung.KKCocoaCommon-Example";
				PRODUCT_NAME = "$(TARGET_NAME)";
			};
			name = Debug;
		};
		3876A3AD254AA4AD00FEDD5B /* Release */ = {
			isa = XCBuildConfiguration;
			baseConfigurationReference = A480C47D9AD098389D86E2B6 /* Pods-KKCocoaCommon_Example.release.xcconfig */;
			buildSettings = {
				ASSETCATALOG_COMPILER_APPICON_NAME = AppIcon;
				ASSETCATALOG_COMPILER_GLOBAL_ACCENT_COLOR_NAME = AccentColor;
				CLANG_WARN_QUOTED_INCLUDE_IN_FRAMEWORK_HEADER = NO;
				CODE_SIGN_ENTITLEMENTS = KKCocoaCommon_Example/KKCocoaCommon_Example.entitlements;
				CODE_SIGN_STYLE = Automatic;
				COMBINE_HIDPI_IMAGES = YES;
				INFOPLIST_FILE = KKCocoaCommon_Example/Info.plist;
				LD_RUNPATH_SEARCH_PATHS = (
					"$(inherited)",
					"@executable_path/../Frameworks",
				);
				MACOSX_DEPLOYMENT_TARGET = 10.11;
				PRODUCT_BUNDLE_IDENTIFIER = "com.leungkinkeung.KKCocoaCommon-Example";
				PRODUCT_NAME = "$(TARGET_NAME)";
			};
			name = Release;
		};
/* End XCBuildConfiguration section */

/* Begin XCConfigurationList section */
		3876A392254AA4AC00FEDD5B /* Build configuration list for PBXProject "KKCocoaCommon_Example" */ = {
			isa = XCConfigurationList;
			buildConfigurations = (
				3876A3A9254AA4AD00FEDD5B /* Debug */,
				3876A3AA254AA4AD00FEDD5B /* Release */,
			);
			defaultConfigurationIsVisible = 0;
			defaultConfigurationName = Release;
		};
		3876A3AB254AA4AD00FEDD5B /* Build configuration list for PBXNativeTarget "KKCocoaCommon_Example" */ = {
			isa = XCConfigurationList;
			buildConfigurations = (
				3876A3AC254AA4AD00FEDD5B /* Debug */,
				3876A3AD254AA4AD00FEDD5B /* Release */,
			);
			defaultConfigurationIsVisible = 0;
			defaultConfigurationName = Release;
		};
/* End XCConfigurationList section */
	};
	rootObject = 3876A38F254AA4AC00FEDD5B /* Project object */;
}
